
Microsoft Visual Studio Solution File, Format Version 12.00
# Visual Studio Version 17
VisualStudioVersion = 17.9.34728.123
MinimumVisualStudioVersion = 10.0.40219.1
Project("{FAE04EC0-301F-11D3-BF4B-00C04F79EFBC}") = "YrkesprovUppgift1", "YrkesprovUppgift1.csproj", "{5424A538-3E19-44C8-B41E-ED00A32C11F4}"
EndProject
Global
	GlobalSection(SolutionConfigurationPlatforms) = preSolution
		Debug|Any CPU = Debug|Any CPU
		Release|Any CPU = Release|Any CPU
	EndGlobalSection
	GlobalSection(ProjectConfigurationPlatforms) = postSolution
		{5424A538-3E19-44C8-B41E-ED00A32C11F4}.Debug|Any CPU.ActiveCfg = Debug|Any CPU
		{5424A538-3E19-44C8-B41E-ED00A32C11F4}.Debug|Any CPU.Build.0 = Debug|Any CPU
		{5424A538-3E19-44C8-B41E-ED00A32C11F4}.Release|Any CPU.ActiveCfg = Release|Any CPU
		{5424A538-3E19-44C8-B41E-ED00A32C11F4}.Release|Any CPU.Build.0 = Release|Any CPU
	EndGlobalSection
	GlobalSection(SolutionProperties) = preSolution
		HideSolutionNode = FALSE
	EndGlobalSection
	GlobalSection(ExtensibilityGlobals) = postSolution
		SolutionGuid = {7DC3502D-AB76-4B8E-8E90-A92E5E7C4D0B}
	EndGlobalSection
EndGlobal
