
Microsoft Visual Studio Solution File, Format Version 12.00
# Visual Studio Version 17
VisualStudioVersion = 17.9.34728.123
MinimumVisualStudioVersion = 10.0.40219.1
Project("{FAE04EC0-301F-11D3-BF4B-00C04F79EFBC}") = "ArrayUpg", "ArrayUpg.csproj", "{018C59F3-F8E0-4DDA-9EF4-704386F0452A}"
EndProject
Global
	GlobalSection(SolutionConfigurationPlatforms) = preSolution
		Debug|Any CPU = Debug|Any CPU
		Release|Any CPU = Release|Any CPU
	EndGlobalSection
	GlobalSection(ProjectConfigurationPlatforms) = postSolution
		{018C59F3-F8E0-4DDA-9EF4-704386F0452A}.Debug|Any CPU.ActiveCfg = Debug|Any CPU
		{018C59F3-F8E0-4DDA-9EF4-704386F0452A}.Debug|Any CPU.Build.0 = Debug|Any CPU
		{018C59F3-F8E0-4DDA-9EF4-704386F0452A}.Release|Any CPU.ActiveCfg = Release|Any CPU
		{018C59F3-F8E0-4DDA-9EF4-704386F0452A}.Release|Any CPU.Build.0 = Release|Any CPU
	EndGlobalSection
	GlobalSection(SolutionProperties) = preSolution
		HideSolutionNode = FALSE
	EndGlobalSection
	GlobalSection(ExtensibilityGlobals) = postSolution
		SolutionGuid = {7F4351C9-521A-4EAE-A7E6-48AC2ED23823}
	EndGlobalSection
EndGlobal
