
Microsoft Visual Studio Solution File, Format Version 12.00
# Visual Studio Version 17
VisualStudioVersion = 17.9.34728.123
MinimumVisualStudioVersion = 10.0.40219.1
Project("{FAE04EC0-301F-11D3-BF4B-00C04F79EFBC}") = "Denfemte", "Denfemte.csproj", "{DD0907D4-7A0C-4BD2-9242-3B18E0FD57AD}"
EndProject
Global
	GlobalSection(SolutionConfigurationPlatforms) = preSolution
		Debug|Any CPU = Debug|Any CPU
		Release|Any CPU = Release|Any CPU
	EndGlobalSection
	GlobalSection(ProjectConfigurationPlatforms) = postSolution
		{DD0907D4-7A0C-4BD2-9242-3B18E0FD57AD}.Debug|Any CPU.ActiveCfg = Debug|Any CPU
		{DD0907D4-7A0C-4BD2-9242-3B18E0FD57AD}.Debug|Any CPU.Build.0 = Debug|Any CPU
		{DD0907D4-7A0C-4BD2-9242-3B18E0FD57AD}.Release|Any CPU.ActiveCfg = Release|Any CPU
		{DD0907D4-7A0C-4BD2-9242-3B18E0FD57AD}.Release|Any CPU.Build.0 = Release|Any CPU
	EndGlobalSection
	GlobalSection(SolutionProperties) = preSolution
		HideSolutionNode = FALSE
	EndGlobalSection
	GlobalSection(ExtensibilityGlobals) = postSolution
		SolutionGuid = {0631B8D8-CCEF-4971-9C4A-08FDEE674AD3}
	EndGlobalSection
EndGlobal
