
Microsoft Visual Studio Solution File, Format Version 12.00
# Visual Studio Version 17
VisualStudioVersion = 17.9.34728.123
MinimumVisualStudioVersion = 10.0.40219.1
Project("{FAE04EC0-301F-11D3-BF4B-00C04F79EFBC}") = "Constructor", "Constructor.csproj", "{0DFB5048-4DE1-4351-81EC-75084366339E}"
EndProject
Global
	GlobalSection(SolutionConfigurationPlatforms) = preSolution
		Debug|Any CPU = Debug|Any CPU
		Release|Any CPU = Release|Any CPU
	EndGlobalSection
	GlobalSection(ProjectConfigurationPlatforms) = postSolution
		{0DFB5048-4DE1-4351-81EC-75084366339E}.Debug|Any CPU.ActiveCfg = Debug|Any CPU
		{0DFB5048-4DE1-4351-81EC-75084366339E}.Debug|Any CPU.Build.0 = Debug|Any CPU
		{0DFB5048-4DE1-4351-81EC-75084366339E}.Release|Any CPU.ActiveCfg = Release|Any CPU
		{0DFB5048-4DE1-4351-81EC-75084366339E}.Release|Any CPU.Build.0 = Release|Any CPU
	EndGlobalSection
	GlobalSection(SolutionProperties) = preSolution
		HideSolutionNode = FALSE
	EndGlobalSection
	GlobalSection(ExtensibilityGlobals) = postSolution
		SolutionGuid = {29098A3C-506A-4F4A-BBA0-61F7B9E99F40}
	EndGlobalSection
EndGlobal
