
Microsoft Visual Studio Solution File, Format Version 12.00
# Visual Studio Version 17
VisualStudioVersion = 17.9.34728.123
MinimumVisualStudioVersion = 10.0.40219.1
Project("{FAE04EC0-301F-11D3-BF4B-00C04F79EFBC}") = "FunctionParameters", "FunctionParameters.csproj", "{23A76E6F-A207-430D-B208-86A509B3CC27}"
EndProject
Global
	GlobalSection(SolutionConfigurationPlatforms) = preSolution
		Debug|Any CPU = Debug|Any CPU
		Release|Any CPU = Release|Any CPU
	EndGlobalSection
	GlobalSection(ProjectConfigurationPlatforms) = postSolution
		{23A76E6F-A207-430D-B208-86A509B3CC27}.Debug|Any CPU.ActiveCfg = Debug|Any CPU
		{23A76E6F-A207-430D-B208-86A509B3CC27}.Debug|Any CPU.Build.0 = Debug|Any CPU
		{23A76E6F-A207-430D-B208-86A509B3CC27}.Release|Any CPU.ActiveCfg = Release|Any CPU
		{23A76E6F-A207-430D-B208-86A509B3CC27}.Release|Any CPU.Build.0 = Release|Any CPU
	EndGlobalSection
	GlobalSection(SolutionProperties) = preSolution
		HideSolutionNode = FALSE
	EndGlobalSection
	GlobalSection(ExtensibilityGlobals) = postSolution
		SolutionGuid = {419A3208-E4A4-423B-8619-1B982811CDB6}
	EndGlobalSection
EndGlobal
