
Microsoft Visual Studio Solution File, Format Version 12.00
# Visual Studio Version 17
VisualStudioVersion = 17.9.34728.123
MinimumVisualStudioVersion = 10.0.40219.1
Project("{FAE04EC0-301F-11D3-BF4B-00C04F79EFBC}") = "Looptylopp7", "Looptylopp7.csproj", "{566708E0-E930-4C40-82E6-D0D0F5A12D40}"
EndProject
Global
	GlobalSection(SolutionConfigurationPlatforms) = preSolution
		Debug|Any CPU = Debug|Any CPU
		Release|Any CPU = Release|Any CPU
	EndGlobalSection
	GlobalSection(ProjectConfigurationPlatforms) = postSolution
		{566708E0-E930-4C40-82E6-D0D0F5A12D40}.Debug|Any CPU.ActiveCfg = Debug|Any CPU
		{566708E0-E930-4C40-82E6-D0D0F5A12D40}.Debug|Any CPU.Build.0 = Debug|Any CPU
		{566708E0-E930-4C40-82E6-D0D0F5A12D40}.Release|Any CPU.ActiveCfg = Release|Any CPU
		{566708E0-E930-4C40-82E6-D0D0F5A12D40}.Release|Any CPU.Build.0 = Release|Any CPU
	EndGlobalSection
	GlobalSection(SolutionProperties) = preSolution
		HideSolutionNode = FALSE
	EndGlobalSection
	GlobalSection(ExtensibilityGlobals) = postSolution
		SolutionGuid = {6AAF61F1-3369-495B-BED5-D271407E9FDC}
	EndGlobalSection
EndGlobal
