
Microsoft Visual Studio Solution File, Format Version 12.00
# Visual Studio Version 17
VisualStudioVersion = 17.9.34728.123
MinimumVisualStudioVersion = 10.0.40219.1
Project("{FAE04EC0-301F-11D3-BF4B-00C04F79EFBC}") = "DenSkjätte", "DenSkjätte.csproj", "{C299EC4F-EEC8-4225-B379-0C2F3C76C373}"
EndProject
Global
	GlobalSection(SolutionConfigurationPlatforms) = preSolution
		Debug|Any CPU = Debug|Any CPU
		Release|Any CPU = Release|Any CPU
	EndGlobalSection
	GlobalSection(ProjectConfigurationPlatforms) = postSolution
		{C299EC4F-EEC8-4225-B379-0C2F3C76C373}.Debug|Any CPU.ActiveCfg = Debug|Any CPU
		{C299EC4F-EEC8-4225-B379-0C2F3C76C373}.Debug|Any CPU.Build.0 = Debug|Any CPU
		{C299EC4F-EEC8-4225-B379-0C2F3C76C373}.Release|Any CPU.ActiveCfg = Release|Any CPU
		{C299EC4F-EEC8-4225-B379-0C2F3C76C373}.Release|Any CPU.Build.0 = Release|Any CPU
	EndGlobalSection
	GlobalSection(SolutionProperties) = preSolution
		HideSolutionNode = FALSE
	EndGlobalSection
	GlobalSection(ExtensibilityGlobals) = postSolution
		SolutionGuid = {FD6D15C9-201E-4111-BCE2-7DD32A4C8F55}
	EndGlobalSection
EndGlobal
