
Microsoft Visual Studio Solution File, Format Version 12.00
# Visual Studio Version 17
VisualStudioVersion = 17.9.34728.123
MinimumVisualStudioVersion = 10.0.40219.1
Project("{FAE04EC0-301F-11D3-BF4B-00C04F79EFBC}") = "DenTredje", "DenTredje.csproj", "{484B02DF-743F-4A68-BF76-FE25C24B9F5D}"
EndProject
Global
	GlobalSection(SolutionConfigurationPlatforms) = preSolution
		Debug|Any CPU = Debug|Any CPU
		Release|Any CPU = Release|Any CPU
	EndGlobalSection
	GlobalSection(ProjectConfigurationPlatforms) = postSolution
		{484B02DF-743F-4A68-BF76-FE25C24B9F5D}.Debug|Any CPU.ActiveCfg = Debug|Any CPU
		{484B02DF-743F-4A68-BF76-FE25C24B9F5D}.Debug|Any CPU.Build.0 = Debug|Any CPU
		{484B02DF-743F-4A68-BF76-FE25C24B9F5D}.Release|Any CPU.ActiveCfg = Release|Any CPU
		{484B02DF-743F-4A68-BF76-FE25C24B9F5D}.Release|Any CPU.Build.0 = Release|Any CPU
	EndGlobalSection
	GlobalSection(SolutionProperties) = preSolution
		HideSolutionNode = FALSE
	EndGlobalSection
	GlobalSection(ExtensibilityGlobals) = postSolution
		SolutionGuid = {A6608C97-58AF-4354-9C58-D26BA3CEEBB3}
	EndGlobalSection
EndGlobal
