
Microsoft Visual Studio Solution File, Format Version 12.00
# Visual Studio Version 17
VisualStudioVersion = 17.9.34728.123
MinimumVisualStudioVersion = 10.0.40219.1
Project("{FAE04EC0-301F-11D3-BF4B-00C04F79EFBC}") = "Denåttonde", "Denåttonde.csproj", "{BCA08779-1D42-4068-9833-6BD32DC03810}"
EndProject
Global
	GlobalSection(SolutionConfigurationPlatforms) = preSolution
		Debug|Any CPU = Debug|Any CPU
		Release|Any CPU = Release|Any CPU
	EndGlobalSection
	GlobalSection(ProjectConfigurationPlatforms) = postSolution
		{BCA08779-1D42-4068-9833-6BD32DC03810}.Debug|Any CPU.ActiveCfg = Debug|Any CPU
		{BCA08779-1D42-4068-9833-6BD32DC03810}.Debug|Any CPU.Build.0 = Debug|Any CPU
		{BCA08779-1D42-4068-9833-6BD32DC03810}.Release|Any CPU.ActiveCfg = Release|Any CPU
		{BCA08779-1D42-4068-9833-6BD32DC03810}.Release|Any CPU.Build.0 = Release|Any CPU
	EndGlobalSection
	GlobalSection(SolutionProperties) = preSolution
		HideSolutionNode = FALSE
	EndGlobalSection
	GlobalSection(ExtensibilityGlobals) = postSolution
		SolutionGuid = {86BC2038-1B21-4EC9-8FA8-51A25B025F14}
	EndGlobalSection
EndGlobal
