
Microsoft Visual Studio Solution File, Format Version 12.00
# Visual Studio Version 17
VisualStudioVersion = 17.9.34728.123
MinimumVisualStudioVersion = 10.0.40219.1
Project("{FAE04EC0-301F-11D3-BF4B-00C04F79EFBC}") = "ClassProperties", "ClassProperties.csproj", "{FB5599C0-10A1-449E-8BC6-67C0B436D2F8}"
EndProject
Global
	GlobalSection(SolutionConfigurationPlatforms) = preSolution
		Debug|Any CPU = Debug|Any CPU
		Release|Any CPU = Release|Any CPU
	EndGlobalSection
	GlobalSection(ProjectConfigurationPlatforms) = postSolution
		{FB5599C0-10A1-449E-8BC6-67C0B436D2F8}.Debug|Any CPU.ActiveCfg = Debug|Any CPU
		{FB5599C0-10A1-449E-8BC6-67C0B436D2F8}.Debug|Any CPU.Build.0 = Debug|Any CPU
		{FB5599C0-10A1-449E-8BC6-67C0B436D2F8}.Release|Any CPU.ActiveCfg = Release|Any CPU
		{FB5599C0-10A1-449E-8BC6-67C0B436D2F8}.Release|Any CPU.Build.0 = Release|Any CPU
	EndGlobalSection
	GlobalSection(SolutionProperties) = preSolution
		HideSolutionNode = FALSE
	EndGlobalSection
	GlobalSection(ExtensibilityGlobals) = postSolution
		SolutionGuid = {59A10CF8-8140-4F82-B9F3-0C05DC1708C4}
	EndGlobalSection
EndGlobal
