
Microsoft Visual Studio Solution File, Format Version 12.00
# Visual Studio Version 17
VisualStudioVersion = 17.9.34728.123
MinimumVisualStudioVersion = 10.0.40219.1
Project("{FAE04EC0-301F-11D3-BF4B-00C04F79EFBC}") = "LogicError", "LogicError.csproj", "{2B8C759F-4CBA-45D8-A569-3126010E7590}"
EndProject
Global
	GlobalSection(SolutionConfigurationPlatforms) = preSolution
		Debug|Any CPU = Debug|Any CPU
		Release|Any CPU = Release|Any CPU
	EndGlobalSection
	GlobalSection(ProjectConfigurationPlatforms) = postSolution
		{2B8C759F-4CBA-45D8-A569-3126010E7590}.Debug|Any CPU.ActiveCfg = Debug|Any CPU
		{2B8C759F-4CBA-45D8-A569-3126010E7590}.Debug|Any CPU.Build.0 = Debug|Any CPU
		{2B8C759F-4CBA-45D8-A569-3126010E7590}.Release|Any CPU.ActiveCfg = Release|Any CPU
		{2B8C759F-4CBA-45D8-A569-3126010E7590}.Release|Any CPU.Build.0 = Release|Any CPU
	EndGlobalSection
	GlobalSection(SolutionProperties) = preSolution
		HideSolutionNode = FALSE
	EndGlobalSection
	GlobalSection(ExtensibilityGlobals) = postSolution
		SolutionGuid = {7CED50AC-63A4-4C3E-8192-C66111304340}
	EndGlobalSection
EndGlobal
