
Microsoft Visual Studio Solution File, Format Version 12.00
# Visual Studio Version 17
VisualStudioVersion = 17.9.34728.123
MinimumVisualStudioVersion = 10.0.40219.1
Project("{FAE04EC0-301F-11D3-BF4B-00C04F79EFBC}") = "Lists", "Lists.csproj", "{5BC34DAA-AF97-4FAE-B316-8F948C10C0FF}"
EndProject
Global
	GlobalSection(SolutionConfigurationPlatforms) = preSolution
		Debug|Any CPU = Debug|Any CPU
		Release|Any CPU = Release|Any CPU
	EndGlobalSection
	GlobalSection(ProjectConfigurationPlatforms) = postSolution
		{5BC34DAA-AF97-4FAE-B316-8F948C10C0FF}.Debug|Any CPU.ActiveCfg = Debug|Any CPU
		{5BC34DAA-AF97-4FAE-B316-8F948C10C0FF}.Debug|Any CPU.Build.0 = Debug|Any CPU
		{5BC34DAA-AF97-4FAE-B316-8F948C10C0FF}.Release|Any CPU.ActiveCfg = Release|Any CPU
		{5BC34DAA-AF97-4FAE-B316-8F948C10C0FF}.Release|Any CPU.Build.0 = Release|Any CPU
	EndGlobalSection
	GlobalSection(SolutionProperties) = preSolution
		HideSolutionNode = FALSE
	EndGlobalSection
	GlobalSection(ExtensibilityGlobals) = postSolution
		SolutionGuid = {2285A4FF-FCBD-4EDF-B814-F433770D0B32}
	EndGlobalSection
EndGlobal
