
Microsoft Visual Studio Solution File, Format Version 12.00
# Visual Studio Version 17
VisualStudioVersion = 17.9.34728.123
MinimumVisualStudioVersion = 10.0.40219.1
Project("{FAE04EC0-301F-11D3-BF4B-00C04F79EFBC}") = "UddaellerjämnUpg", "UddaellerjämnUpg.csproj", "{7D5B20DA-3CD4-45D5-94A6-8A4493526395}"
EndProject
Global
	GlobalSection(SolutionConfigurationPlatforms) = preSolution
		Debug|Any CPU = Debug|Any CPU
		Release|Any CPU = Release|Any CPU
	EndGlobalSection
	GlobalSection(ProjectConfigurationPlatforms) = postSolution
		{7D5B20DA-3CD4-45D5-94A6-8A4493526395}.Debug|Any CPU.ActiveCfg = Debug|Any CPU
		{7D5B20DA-3CD4-45D5-94A6-8A4493526395}.Debug|Any CPU.Build.0 = Debug|Any CPU
		{7D5B20DA-3CD4-45D5-94A6-8A4493526395}.Release|Any CPU.ActiveCfg = Release|Any CPU
		{7D5B20DA-3CD4-45D5-94A6-8A4493526395}.Release|Any CPU.Build.0 = Release|Any CPU
	EndGlobalSection
	GlobalSection(SolutionProperties) = preSolution
		HideSolutionNode = FALSE
	EndGlobalSection
	GlobalSection(ExtensibilityGlobals) = postSolution
		SolutionGuid = {0F898408-A6CF-4D36-9F28-FC20DAB45453}
	EndGlobalSection
EndGlobal
