
Microsoft Visual Studio Solution File, Format Version 12.00
# Visual Studio Version 17
VisualStudioVersion = 17.9.34728.123
MinimumVisualStudioVersion = 10.0.40219.1
Project("{FAE04EC0-301F-11D3-BF4B-00C04F79EFBC}") = "RandomNum", "RandomNum.csproj", "{CEABC8E8-4DEA-4DF1-AB93-51C9816E12B2}"
EndProject
Global
	GlobalSection(SolutionConfigurationPlatforms) = preSolution
		Debug|Any CPU = Debug|Any CPU
		Release|Any CPU = Release|Any CPU
	EndGlobalSection
	GlobalSection(ProjectConfigurationPlatforms) = postSolution
		{CEABC8E8-4DEA-4DF1-AB93-51C9816E12B2}.Debug|Any CPU.ActiveCfg = Debug|Any CPU
		{CEABC8E8-4DEA-4DF1-AB93-51C9816E12B2}.Debug|Any CPU.Build.0 = Debug|Any CPU
		{CEABC8E8-4DEA-4DF1-AB93-51C9816E12B2}.Release|Any CPU.ActiveCfg = Release|Any CPU
		{CEABC8E8-4DEA-4DF1-AB93-51C9816E12B2}.Release|Any CPU.Build.0 = Release|Any CPU
	EndGlobalSection
	GlobalSection(SolutionProperties) = preSolution
		HideSolutionNode = FALSE
	EndGlobalSection
	GlobalSection(ExtensibilityGlobals) = postSolution
		SolutionGuid = {32BA0E94-927C-46B6-B459-1298E42B81EB}
	EndGlobalSection
EndGlobal
