
Microsoft Visual Studio Solution File, Format Version 12.00
# Visual Studio Version 17
VisualStudioVersion = 17.9.34728.123
MinimumVisualStudioVersion = 10.0.40219.1
Project("{FAE04EC0-301F-11D3-BF4B-00C04F79EFBC}") = "PasswordChecker", "PasswordChecker.csproj", "{E04AE15A-BDB3-49EC-BE13-C7C599437571}"
EndProject
Global
	GlobalSection(SolutionConfigurationPlatforms) = preSolution
		Debug|Any CPU = Debug|Any CPU
		Release|Any CPU = Release|Any CPU
	EndGlobalSection
	GlobalSection(ProjectConfigurationPlatforms) = postSolution
		{E04AE15A-BDB3-49EC-BE13-C7C599437571}.Debug|Any CPU.ActiveCfg = Debug|Any CPU
		{E04AE15A-BDB3-49EC-BE13-C7C599437571}.Debug|Any CPU.Build.0 = Debug|Any CPU
		{E04AE15A-BDB3-49EC-BE13-C7C599437571}.Release|Any CPU.ActiveCfg = Release|Any CPU
		{E04AE15A-BDB3-49EC-BE13-C7C599437571}.Release|Any CPU.Build.0 = Release|Any CPU
	EndGlobalSection
	GlobalSection(SolutionProperties) = preSolution
		HideSolutionNode = FALSE
	EndGlobalSection
	GlobalSection(ExtensibilityGlobals) = postSolution
		SolutionGuid = {C5A444FB-1DB4-49BD-81C4-AA83647A7819}
	EndGlobalSection
EndGlobal
