
Microsoft Visual Studio Solution File, Format Version 12.00
# Visual Studio Version 17
VisualStudioVersion = 17.9.34728.123
MinimumVisualStudioVersion = 10.0.40219.1
Project("{FAE04EC0-301F-11D3-BF4B-00C04F79EFBC}") = "OutParameters", "OutParameters.csproj", "{F2810D37-C2AC-4E4D-94D3-A3B951035F66}"
EndProject
Global
	GlobalSection(SolutionConfigurationPlatforms) = preSolution
		Debug|Any CPU = Debug|Any CPU
		Release|Any CPU = Release|Any CPU
	EndGlobalSection
	GlobalSection(ProjectConfigurationPlatforms) = postSolution
		{F2810D37-C2AC-4E4D-94D3-A3B951035F66}.Debug|Any CPU.ActiveCfg = Debug|Any CPU
		{F2810D37-C2AC-4E4D-94D3-A3B951035F66}.Debug|Any CPU.Build.0 = Debug|Any CPU
		{F2810D37-C2AC-4E4D-94D3-A3B951035F66}.Release|Any CPU.ActiveCfg = Release|Any CPU
		{F2810D37-C2AC-4E4D-94D3-A3B951035F66}.Release|Any CPU.Build.0 = Release|Any CPU
	EndGlobalSection
	GlobalSection(SolutionProperties) = preSolution
		HideSolutionNode = FALSE
	EndGlobalSection
	GlobalSection(ExtensibilityGlobals) = postSolution
		SolutionGuid = {EF0A22F3-1495-4221-8BEA-361256451040}
	EndGlobalSection
EndGlobal
